
Microsoft Visual Studio Solution File, Format Version 12.00
# Visual Studio 15
VisualStudioVersion = 15.0.27428.2015
MinimumVisualStudioVersion = 10.0.40219.1
Project("{FAE04EC0-301F-11D3-BF4B-00C04F79EFBC}") = "FullStack", "FullStack\FullStack.csproj", "{64E80D6E-40DC-42DA-ABBE-4D96F7EAB322}"
EndProject
Global
	GlobalSection(SolutionConfigurationPlatforms) = preSolution
		Debug|Any CPU = Debug|Any CPU
		Release|Any CPU = Release|Any CPU
	EndGlobalSection
	GlobalSection(ProjectConfigurationPlatforms) = postSolution
		{64E80D6E-40DC-42DA-ABBE-4D96F7EAB322}.Debug|Any CPU.ActiveCfg = Debug|Any CPU
		{64E80D6E-40DC-42DA-ABBE-4D96F7EAB322}.Debug|Any CPU.Build.0 = Debug|Any CPU
		{64E80D6E-40DC-42DA-ABBE-4D96F7EAB322}.Release|Any CPU.ActiveCfg = Release|Any CPU
		{64E80D6E-40DC-42DA-ABBE-4D96F7EAB322}.Release|Any CPU.Build.0 = Release|Any CPU
	EndGlobalSection
	GlobalSection(SolutionProperties) = preSolution
		HideSolutionNode = FALSE
	EndGlobalSection
	GlobalSection(ExtensibilityGlobals) = postSolution
		SolutionGuid = {87364338-B9C2-4EAB-8220-F84FB1A3ED5B}
	EndGlobalSection
EndGlobal
